
Microsoft Visual Studio Solution File, Format Version 12.00
# Visual Studio 15
VisualStudioVersion = 15.0.28307.168
MinimumVisualStudioVersion = 10.0.40219.1
Project("{2150E333-8FDC-42A3-9474-1A3956D46DE8}") = "Client", "Client", "{8ADC382E-C527-48EC-B31B-11304CE3D8B2}"
EndProject
Project("{2150E333-8FDC-42A3-9474-1A3956D46DE8}") = "Server", "Server", "{CBC7822B-5456-4F41-94F0-B7F30781AC0B}"
EndProject
Project("{2150E333-8FDC-42A3-9474-1A3956D46DE8}") = "Tests", "Tests", "{0138D329-49FF-4EF6-8A94-CC4F275FBB0C}"
EndProject
Project("{9A19103F-16F7-4668-BE54-9A1E7A4F7556}") = "ProductivityTools.GetTask3.Domain.Tests", "Src\Tests\ProductivityTools.GetTask3.Domain.Tests\ProductivityTools.GetTask3.Domain.Tests.csproj", "{2F543048-0292-43F8-9F20-46DB1A046C1B}"
EndProject
Project("{9A19103F-16F7-4668-BE54-9A1E7A4F7556}") = "ProductivityTools.GetTask3.Domain", "Src\Server\ProductivityTools.GetTask3.Domain\ProductivityTools.GetTask3.Domain.csproj", "{BA509AC7-4BFF-4311-B42E-395F128EE6FC}"
EndProject
Global
	GlobalSection(SolutionConfigurationPlatforms) = preSolution
		Debug|Any CPU = Debug|Any CPU
		Release|Any CPU = Release|Any CPU
	EndGlobalSection
	GlobalSection(ProjectConfigurationPlatforms) = postSolution
		{2F543048-0292-43F8-9F20-46DB1A046C1B}.Debug|Any CPU.ActiveCfg = Debug|Any CPU
		{2F543048-0292-43F8-9F20-46DB1A046C1B}.Debug|Any CPU.Build.0 = Debug|Any CPU
		{2F543048-0292-43F8-9F20-46DB1A046C1B}.Release|Any CPU.ActiveCfg = Release|Any CPU
		{2F543048-0292-43F8-9F20-46DB1A046C1B}.Release|Any CPU.Build.0 = Release|Any CPU
		{BA509AC7-4BFF-4311-B42E-395F128EE6FC}.Debug|Any CPU.ActiveCfg = Debug|Any CPU
		{BA509AC7-4BFF-4311-B42E-395F128EE6FC}.Debug|Any CPU.Build.0 = Debug|Any CPU
		{BA509AC7-4BFF-4311-B42E-395F128EE6FC}.Release|Any CPU.ActiveCfg = Release|Any CPU
		{BA509AC7-4BFF-4311-B42E-395F128EE6FC}.Release|Any CPU.Build.0 = Release|Any CPU
	EndGlobalSection
	GlobalSection(SolutionProperties) = preSolution
		HideSolutionNode = FALSE
	EndGlobalSection
	GlobalSection(NestedProjects) = preSolution
		{2F543048-0292-43F8-9F20-46DB1A046C1B} = {0138D329-49FF-4EF6-8A94-CC4F275FBB0C}
		{BA509AC7-4BFF-4311-B42E-395F128EE6FC} = {CBC7822B-5456-4F41-94F0-B7F30781AC0B}
	EndGlobalSection
	GlobalSection(ExtensibilityGlobals) = postSolution
		SolutionGuid = {E0A3855A-2490-4366-9CB1-4EA79EF4BEDC}
	EndGlobalSection
EndGlobal
