
Microsoft Visual Studio Solution File, Format Version 12.00
# Visual Studio 15
VisualStudioVersion = 15.0.28307.168
MinimumVisualStudioVersion = 10.0.40219.1
Project("{2150E333-8FDC-42A3-9474-1A3956D46DE8}") = "Gateways", "Gateways", "{067C8F64-EDD5-4B1D-A7D9-2AB14850A151}"
EndProject
Project("{9A19103F-16F7-4668-BE54-9A1E7A4F7556}") = "ProductivityTools.GetTask3.WebApi", "Src\Gateways\ProductivityTools.GetTask3.WebApi\ProductivityTools.GetTask3.WebApi.csproj", "{4177A153-58DF-4523-8749-EC4D3A4E5C29}"
EndProject
Project("{2150E333-8FDC-42A3-9474-1A3956D46DE8}") = "External", "External", "{C8D105DB-1A24-43EB-8BD8-3AAC065A0C21}"
EndProject
Project("{FAE04EC0-301F-11D3-BF4B-00C04F79EFBC}") = "ProductivityTools.GetTask3.CqrsController", "ProductivityTools.GetTask3.CqrsController\ProductivityTools.GetTask3.CqrsController.csproj", "{518431F0-6F08-4588-B9E2-28628E7661BE}"
EndProject
Global
	GlobalSection(SolutionConfigurationPlatforms) = preSolution
		Debug|Any CPU = Debug|Any CPU
		Release|Any CPU = Release|Any CPU
	EndGlobalSection
	GlobalSection(ProjectConfigurationPlatforms) = postSolution
		{4177A153-58DF-4523-8749-EC4D3A4E5C29}.Debug|Any CPU.ActiveCfg = Debug|Any CPU
		{4177A153-58DF-4523-8749-EC4D3A4E5C29}.Debug|Any CPU.Build.0 = Debug|Any CPU
		{4177A153-58DF-4523-8749-EC4D3A4E5C29}.Release|Any CPU.ActiveCfg = Release|Any CPU
		{4177A153-58DF-4523-8749-EC4D3A4E5C29}.Release|Any CPU.Build.0 = Release|Any CPU
		{518431F0-6F08-4588-B9E2-28628E7661BE}.Debug|Any CPU.ActiveCfg = Debug|Any CPU
		{518431F0-6F08-4588-B9E2-28628E7661BE}.Debug|Any CPU.Build.0 = Debug|Any CPU
		{518431F0-6F08-4588-B9E2-28628E7661BE}.Release|Any CPU.ActiveCfg = Release|Any CPU
		{518431F0-6F08-4588-B9E2-28628E7661BE}.Release|Any CPU.Build.0 = Release|Any CPU
	EndGlobalSection
	GlobalSection(SolutionProperties) = preSolution
		HideSolutionNode = FALSE
	EndGlobalSection
	GlobalSection(NestedProjects) = preSolution
		{4177A153-58DF-4523-8749-EC4D3A4E5C29} = {067C8F64-EDD5-4B1D-A7D9-2AB14850A151}
		{518431F0-6F08-4588-B9E2-28628E7661BE} = {C8D105DB-1A24-43EB-8BD8-3AAC065A0C21}
	EndGlobalSection
	GlobalSection(ExtensibilityGlobals) = postSolution
		SolutionGuid = {E0A3855A-2490-4366-9CB1-4EA79EF4BEDC}
	EndGlobalSection
EndGlobal
